<?xml version="1.0" encoding="UTF-8"?>
<Scheme
   LastUpgradeVersion = "0720"
   version = "1.3">
   <BuildAction
      parallelizeBuildables = "YES"
      buildImplicitDependencies = "YES">
      <BuildActionEntries>
         <BuildActionEntry
            buildForTesting = "YES"
            buildForRunning = "YES"
            buildForProfiling = "YES"
            buildForArchiving = "YES"
            buildForAnalyzing = "YES">
            <BuildableReference
               BuildableIdentifier = "primary"
               BlueprintIdentifier = "D32AB2211C74490400CB5ED3"
               BuildableName = "ActivityScreen WatchKit App.app"
               BlueprintName = "ActivityScreen WatchKit App"
               ReferencedContainer = "container:ActivityScreen.xcodeproj">
            </BuildableReference>
         </BuildActionEntry>
         <BuildActionEntry
            buildForTesting = "YES"
            buildForRunning = "YES"
            buildForProfiling = "YES"
            buildForArchiving = "YES"
            buildForAnalyzing = "YES">
            <BuildableReference
               BuildableIdentifier = "primary"
               BlueprintIdentifier = "D32AB22D1C74492600CB5ED3"
               BuildableName = "ActivityScreen WatchKit App Extension.appex"
               BlueprintName = "ActivityScreen WatchKit App Extension"
               ReferencedContainer = "container:ActivityScreen.xcodeproj">
            </BuildableReference>
         </BuildActionEntry>
         <BuildActionEntry
            buildForTesting = "YES"
            buildForRunning = "YES"
            buildForProfiling = "YES"
            buildForArchiving = "YES"
            buildForAnalyzing = "YES">
            <BuildableReference
               BuildableIdentifier = "primary"
               BlueprintIdentifier = "D32AB20A1C7448B600CB5ED3"
               BuildableName = "ActivityScreen.app"
               BlueprintName = "ActivityScreen"
               ReferencedContainer = "container:ActivityScreen.xcodeproj">
            </BuildableReference>
         </BuildActionEntry>
      </BuildActionEntries>
   </BuildAction>
   <TestAction
      buildConfiguration = "Debug"
      selectedDebuggerIdentifier = "Xcode.DebuggerFoundation.Debugger.LLDB"
      selectedLauncherIdentifier = "Xcode.DebuggerFoundation.Launcher.LLDB"
      shouldUseLaunchSchemeArgsEnv = "YES">
      <Testables>
      </Testables>
      <MacroExpansion>
         <BuildableReference
            BuildableIdentifier = "primary"
            BlueprintIdentifier = "D32AB2211C74490400CB5ED3"
            BuildableName = "ActivityScreen WatchKit App.app"
            BlueprintName = "ActivityScreen WatchKit App"
            ReferencedContainer = "container:ActivityScreen.xcodeproj">
         </BuildableReference>
      </MacroExpansion>
      <AdditionalOptions>
      </AdditionalOptions>
   </TestAction>
   <LaunchAction
      buildConfiguration = "Debug"
      selectedDebuggerIdentifier = "Xcode.DebuggerFoundation.Debugger.LLDB"
      selectedLauncherIdentifier = "Xcode.DebuggerFoundation.Launcher.LLDB"
      launchStyle = "0"
      useCustomWorkingDirectory = "NO"
      ignoresPersistentStateOnLaunch = "NO"
      debugDocumentVersioning = "YES"
      debugServiceExtension = "internal"
      allowLocationSimulation = "YES">
      <RemoteRunnable
         runnableDebuggingMode = "2"
         BundleIdentifier = "com.apple.carousel"
         RemotePath = "/ActivityScreen">
         <BuildableReference
            BuildableIdentifier = "primary"
            BlueprintIdentifier = "D32AB2211C74490400CB5ED3"
            BuildableName = "ActivityScreen WatchKit App.app"
            BlueprintName = "ActivityScreen WatchKit App"
            ReferencedContainer = "container:ActivityScreen.xcodeproj">
         </BuildableReference>
      </RemoteRunnable>
      <MacroExpansion>
         <BuildableReference
            BuildableIdentifier = "primary"
            BlueprintIdentifier = "D32AB2211C74490400CB5ED3"
            BuildableName = "ActivityScreen WatchKit App.app"
            BlueprintName = "ActivityScreen WatchKit App"
            ReferencedContainer = "container:ActivityScreen.xcodeproj">
         </BuildableReference>
      </MacroExpansion>
      <AdditionalOptions>
      </AdditionalOptions>
   </LaunchAction>
   <ProfileAction
      buildConfiguration = "Release"
      shouldUseLaunchSchemeArgsEnv = "YES"
      savedToolIdentifier = ""
      useCustomWorkingDirectory = "NO"
      debugDocumentVersioning = "YES">
      <RemoteRunnable
         runnableDebuggingMode = "2"
         BundleIdentifier = "com.apple.carousel"
         RemotePath = "/ActivityScreen">
         <BuildableReference
            BuildableIdentifier = "primary"
            BlueprintIdentifier = "D32AB2211C74490400CB5ED3"
            BuildableName = "ActivityScreen WatchKit App.app"
            BlueprintName = "ActivityScreen WatchKit App"
            ReferencedContainer = "container:ActivityScreen.xcodeproj">
         </BuildableReference>
      </RemoteRunnable>
      <MacroExpansion>
         <BuildableReference
            BuildableIdentifier = "primary"
            BlueprintIdentifier = "D32AB2211C74490400CB5ED3"
            BuildableName = "ActivityScreen WatchKit App.app"
            BlueprintName = "ActivityScreen WatchKit App"
            ReferencedContainer = "container:ActivityScreen.xcodeproj">
         </BuildableReference>
      </MacroExpansion>
   </ProfileAction>
   <AnalyzeAction
      buildConfiguration = "Debug">
   </AnalyzeAction>
   <ArchiveAction
      buildConfiguration = "Release"
      revealArchiveInOrganizer = "YES">
   </ArchiveAction>
</Scheme>
