// !$*UTF8*$!
{
	archiveVersion = 1;
	classes = {
	};
	objectVersion = 46;
	objects = {

/* Begin PBXBuildFile section */
		D3C86B731C69A91400D58D0D /* AppDelegate.swift in Sources */ = {isa = PBXBuildFile; fileRef = D3C86B721C69A91400D58D0D /* AppDelegate.swift */; };
		D3C86B781C69A91400D58D0D /* Main.storyboard in Resources */ = {isa = PBXBuildFile; fileRef = D3C86B761C69A91400D58D0D /* Main.storyboard */; };
		D3C86B7A1C69A91400D58D0D /* Assets.xcassets in Resources */ = {isa = PBXBuildFile; fileRef = D3C86B791C69A91400D58D0D /* Assets.xcassets */; };
		D3C86B7D1C69A91400D58D0D /* LaunchScreen.storyboard in Resources */ = {isa = PBXBuildFile; fileRef = D3C86B7B1C69A91400D58D0D /* LaunchScreen.storyboard */; };
		D3C86B851C69ACFB00D58D0D /* Photo.swift in Sources */ = {isa = PBXBuildFile; fileRef = D3C86B841C69ACFB00D58D0D /* Photo.swift */; };
		D3C86B871C69AE1E00D58D0D /* PhotosTableViewController.swift in Sources */ = {isa = PBXBuildFile; fileRef = D3C86B861C69AE1E00D58D0D /* PhotosTableViewController.swift */; };
		D3C86B891C69AE5400D58D0D /* DisplayViewController.swift in Sources */ = {isa = PBXBuildFile; fileRef = D3C86B881C69AE5400D58D0D /* DisplayViewController.swift */; };
		D3C86B8B1C69AE6E00D58D0D /* InfoViewController.swift in Sources */ = {isa = PBXBuildFile; fileRef = D3C86B8A1C69AE6E00D58D0D /* InfoViewController.swift */; };
/* End PBXBuildFile section */

/* Begin PBXFileReference section */
		D3C86B6F1C69A91400D58D0D /* PhotoViewer.app */ = {isa = PBXFileReference; explicitFileType = wrapper.application; includeInIndex = 0; path = PhotoViewer.app; sourceTree = BUILT_PRODUCTS_DIR; };
		D3C86B721C69A91400D58D0D /* AppDelegate.swift */ = {isa = PBXFileReference; lastKnownFileType = sourcecode.swift; path = AppDelegate.swift; sourceTree = "<group>"; };
		D3C86B771C69A91400D58D0D /* Base */ = {isa = PBXFileReference; lastKnownFileType = file.storyboard; name = Base; path = Base.lproj/Main.storyboard; sourceTree = "<group>"; };
		D3C86B791C69A91400D58D0D /* Assets.xcassets */ = {isa = PBXFileReference; lastKnownFileType = folder.assetcatalog; path = Assets.xcassets; sourceTree = "<group>"; };
		D3C86B7C1C69A91400D58D0D /* Base */ = {isa = PBXFileReference; lastKnownFileType = file.storyboard; name = Base; path = Base.lproj/LaunchScreen.storyboard; sourceTree = "<group>"; };
		D3C86B7E1C69A91400D58D0D /* Info.plist */ = {isa = PBXFileReference; lastKnownFileType = text.plist.xml; path = Info.plist; sourceTree = "<group>"; };
		D3C86B841C69ACFB00D58D0D /* Photo.swift */ = {isa = PBXFileReference; fileEncoding = 4; lastKnownFileType = sourcecode.swift; name = Photo.swift; path = PhotoViewer/Photo.swift; sourceTree = "<group>"; };
		D3C86B861C69AE1E00D58D0D /* PhotosTableViewController.swift */ = {isa = PBXFileReference; fileEncoding = 4; lastKnownFileType = sourcecode.swift; path = PhotosTableViewController.swift; sourceTree = "<group>"; };
		D3C86B881C69AE5400D58D0D /* DisplayViewController.swift */ = {isa = PBXFileReference; fileEncoding = 4; lastKnownFileType = sourcecode.swift; path = DisplayViewController.swift; sourceTree = "<group>"; };
		D3C86B8A1C69AE6E00D58D0D /* InfoViewController.swift */ = {isa = PBXFileReference; fileEncoding = 4; lastKnownFileType = sourcecode.swift; path = InfoViewController.swift; sourceTree = "<group>"; };
/* End PBXFileReference section */

/* Begin PBXFrameworksBuildPhase section */
		D3C86B6C1C69A91400D58D0D /* Frameworks */ = {
			isa = PBXFrameworksBuildPhase;
			buildActionMask = 2147483647;
			files = (
			);
			runOnlyForDeploymentPostprocessing = 0;
		};
/* End PBXFrameworksBuildPhase section */

/* Begin PBXGroup section */
		D3C86B661C69A91400D58D0D = {
			isa = PBXGroup;
			children = (
				D3C86B841C69ACFB00D58D0D /* Photo.swift */,
				D3C86B711C69A91400D58D0D /* PhotoViewer */,
				D3C86B701C69A91400D58D0D /* Products */,
			);
			sourceTree = "<group>";
		};
		D3C86B701C69A91400D58D0D /* Products */ = {
			isa = PBXGroup;
			children = (
				D3C86B6F1C69A91400D58D0D /* PhotoViewer.app */,
			);
			name = Products;
			sourceTree = "<group>";
		};
		D3C86B711C69A91400D58D0D /* PhotoViewer */ = {
			isa = PBXGroup;
			children = (
				D3C86B721C69A91400D58D0D /* AppDelegate.swift */,
				D3C86B761C69A91400D58D0D /* Main.storyboard */,
				D3C86B881C69AE5400D58D0D /* DisplayViewController.swift */,
				D3C86B8A1C69AE6E00D58D0D /* InfoViewController.swift */,
				D3C86B861C69AE1E00D58D0D /* PhotosTableViewController.swift */,
				D3C86B791C69A91400D58D0D /* Assets.xcassets */,
				D3C86B7B1C69A91400D58D0D /* LaunchScreen.storyboard */,
				D3C86B7E1C69A91400D58D0D /* Info.plist */,
			);
			path = PhotoViewer;
			sourceTree = "<group>";
		};
/* End PBXGroup section */

/* Begin PBXNativeTarget section */
		D3C86B6E1C69A91400D58D0D /* PhotoViewer */ = {
			isa = PBXNativeTarget;
			buildConfigurationList = D3C86B811C69A91400D58D0D /* Build configuration list for PBXNativeTarget "PhotoViewer" */;
			buildPhases = (
				D3C86B6B1C69A91400D58D0D /* Sources */,
				D3C86B6C1C69A91400D58D0D /* Frameworks */,
				D3C86B6D1C69A91400D58D0D /* Resources */,
			);
			buildRules = (
			);
			dependencies = (
			);
			name = PhotoViewer;
			productName = PhotoViewer;
			productReference = D3C86B6F1C69A91400D58D0D /* PhotoViewer.app */;
			productType = "com.apple.product-type.application";
		};
/* End PBXNativeTarget section */

/* Begin PBXProject section */
		D3C86B671C69A91400D58D0D /* Project object */ = {
			isa = PBXProject;
			attributes = {
				LastSwiftUpdateCheck = 0720;
				LastUpgradeCheck = 0720;
				ORGANIZATIONNAME = "Manju Bhandary";
				TargetAttributes = {
					D3C86B6E1C69A91400D58D0D = {
						CreatedOnToolsVersion = 7.2.1;
					};
				};
			};
			buildConfigurationList = D3C86B6A1C69A91400D58D0D /* Build configuration list for PBXProject "PhotoViewer" */;
			compatibilityVersion = "Xcode 3.2";
			developmentRegion = English;
			hasScannedForEncodings = 0;
			knownRegions = (
				en,
				Base,
			);
			mainGroup = D3C86B661C69A91400D58D0D;
			productRefGroup = D3C86B701C69A91400D58D0D /* Products */;
			projectDirPath = "";
			projectRoot = "";
			targets = (
				D3C86B6E1C69A91400D58D0D /* PhotoViewer */,
			);
		};
/* End PBXProject section */

/* Begin PBXResourcesBuildPhase section */
		D3C86B6D1C69A91400D58D0D /* Resources */ = {
			isa = PBXResourcesBuildPhase;
			buildActionMask = 2147483647;
			files = (
				D3C86B7D1C69A91400D58D0D /* LaunchScreen.storyboard in Resources */,
				D3C86B7A1C69A91400D58D0D /* Assets.xcassets in Resources */,
				D3C86B781C69A91400D58D0D /* Main.storyboard in Resources */,
			);
			runOnlyForDeploymentPostprocessing = 0;
		};
/* End PBXResourcesBuildPhase section */

/* Begin PBXSourcesBuildPhase section */
		D3C86B6B1C69A91400D58D0D /* Sources */ = {
			isa = PBXSourcesBuildPhase;
			buildActionMask = 2147483647;
			files = (
				D3C86B851C69ACFB00D58D0D /* Photo.swift in Sources */,
				D3C86B731C69A91400D58D0D /* AppDelegate.swift in Sources */,
				D3C86B871C69AE1E00D58D0D /* PhotosTableViewController.swift in Sources */,
				D3C86B891C69AE5400D58D0D /* DisplayViewController.swift in Sources */,
				D3C86B8B1C69AE6E00D58D0D /* InfoViewController.swift in Sources */,
			);
			runOnlyForDeploymentPostprocessing = 0;
		};
/* End PBXSourcesBuildPhase section */

/* Begin PBXVariantGroup section */
		D3C86B761C69A91400D58D0D /* Main.storyboard */ = {
			isa = PBXVariantGroup;
			children = (
				D3C86B771C69A91400D58D0D /* Base */,
			);
			name = Main.storyboard;
			sourceTree = "<group>";
		};
		D3C86B7B1C69A91400D58D0D /* LaunchScreen.storyboard */ = {
			isa = PBXVariantGroup;
			children = (
				D3C86B7C1C69A91400D58D0D /* Base */,
			);
			name = LaunchScreen.storyboard;
			sourceTree = "<group>";
		};
/* End PBXVariantGroup section */

/* Begin XCBuildConfiguration section */
		D3C86B7F1C69A91400D58D0D /* Debug */ = {
			isa = XCBuildConfiguration;
			buildSettings = {
				ALWAYS_SEARCH_USER_PATHS = NO;
				CLANG_CXX_LANGUAGE_STANDARD = "gnu++0x";
				CLANG_CXX_LIBRARY = "libc++";
				CLANG_ENABLE_MODULES = YES;
				CLANG_ENABLE_OBJC_ARC = YES;
				CLANG_WARN_BOOL_CONVERSION = YES;
				CLANG_WARN_CONSTANT_CONVERSION = YES;
				CLANG_WARN_DIRECT_OBJC_ISA_USAGE = YES_ERROR;
				CLANG_WARN_EMPTY_BODY = YES;
				CLANG_WARN_ENUM_CONVERSION = YES;
				CLANG_WARN_INT_CONVERSION = YES;
				CLANG_WARN_OBJC_ROOT_CLASS = YES_ERROR;
				CLANG_WARN_UNREACHABLE_CODE = YES;
				CLANG_WARN__DUPLICATE_METHOD_MATCH = YES;
				"CODE_SIGN_IDENTITY[sdk=iphoneos*]" = "iPhone Developer";
				COPY_PHASE_STRIP = NO;
				DEBUG_INFORMATION_FORMAT = dwarf;
				ENABLE_STRICT_OBJC_MSGSEND = YES;
				ENABLE_TESTABILITY = YES;
				GCC_C_LANGUAGE_STANDARD = gnu99;
				GCC_DYNAMIC_NO_PIC = NO;
				GCC_NO_COMMON_BLOCKS = YES;
				GCC_OPTIMIZATION_LEVEL = 0;
				GCC_PREPROCESSOR_DEFINITIONS = (
					"DEBUG=1",
					"$(inherited)",
				);
				GCC_WARN_64_TO_32_BIT_CONVERSION = YES;
				GCC_WARN_ABOUT_RETURN_TYPE = YES_ERROR;
				GCC_WARN_UNDECLARED_SELECTOR = YES;
				GCC_WARN_UNINITIALIZED_AUTOS = YES_AGGRESSIVE;
				GCC_WARN_UNUSED_FUNCTION = YES;
				GCC_WARN_UNUSED_VARIABLE = YES;
				IPHONEOS_DEPLOYMENT_TARGET = 9.2;
				MTL_ENABLE_DEBUG_INFO = YES;
				ONLY_ACTIVE_ARCH = YES;
				SDKROOT = iphoneos;
				SWIFT_OPTIMIZATION_LEVEL = "-Onone";
			};
			name = Debug;
		};
		D3C86B801C69A91400D58D0D /* Release */ = {
			isa = XCBuildConfiguration;
			buildSettings = {
				ALWAYS_SEARCH_USER_PATHS = NO;
				CLANG_CXX_LANGUAGE_STANDARD = "gnu++0x";
				CLANG_CXX_LIBRARY = "libc++";
				CLANG_ENABLE_MODULES = YES;
				CLANG_ENABLE_OBJC_ARC = YES;
				CLANG_WARN_BOOL_CONVERSION = YES;
				CLANG_WARN_CONSTANT_CONVERSION = YES;
				CLANG_WARN_DIRECT_OBJC_ISA_USAGE = YES_ERROR;
				CLANG_WARN_EMPTY_BODY = YES;
				CLANG_WARN_ENUM_CONVERSION = YES;
				CLANG_WARN_INT_CONVERSION = YES;
				CLANG_WARN_OBJC_ROOT_CLASS = YES_ERROR;
				CLANG_WARN_UNREACHABLE_CODE = YES;
				CLANG_WARN__DUPLICATE_METHOD_MATCH = YES;
				"CODE_SIGN_IDENTITY[sdk=iphoneos*]" = "iPhone Developer";
				COPY_PHASE_STRIP = NO;
				DEBUG_INFORMATION_FORMAT = "dwarf-with-dsym";
				ENABLE_NS_ASSERTIONS = NO;
				ENABLE_STRICT_OBJC_MSGSEND = YES;
				GCC_C_LANGUAGE_STANDARD = gnu99;
				GCC_NO_COMMON_BLOCKS = YES;
				GCC_WARN_64_TO_32_BIT_CONVERSION = YES;
				GCC_WARN_ABOUT_RETURN_TYPE = YES_ERROR;
				GCC_WARN_UNDECLARED_SELECTOR = YES;
				GCC_WARN_UNINITIALIZED_AUTOS = YES_AGGRESSIVE;
				GCC_WARN_UNUSED_FUNCTION = YES;
				GCC_WARN_UNUSED_VARIABLE = YES;
				IPHONEOS_DEPLOYMENT_TARGET = 9.2;
				MTL_ENABLE_DEBUG_INFO = NO;
				SDKROOT = iphoneos;
				VALIDATE_PRODUCT = YES;
			};
			name = Release;
		};
		D3C86B821C69A91400D58D0D /* Debug */ = {
			isa = XCBuildConfiguration;
			buildSettings = {
				ASSETCATALOG_COMPILER_APPICON_NAME = AppIcon;
				INFOPLIST_FILE = PhotoViewer/Info.plist;
				LD_RUNPATH_SEARCH_PATHS = "$(inherited) @executable_path/Frameworks";
				PRODUCT_BUNDLE_IDENTIFIER = com.bhandary.PhotoViewer;
				PRODUCT_NAME = "$(TARGET_NAME)";
			};
			name = Debug;
		};
		D3C86B831C69A91400D58D0D /* Release */ = {
			isa = XCBuildConfiguration;
			buildSettings = {
				ASSETCATALOG_COMPILER_APPICON_NAME = AppIcon;
				INFOPLIST_FILE = PhotoViewer/Info.plist;
				LD_RUNPATH_SEARCH_PATHS = "$(inherited) @executable_path/Frameworks";
				PRODUCT_BUNDLE_IDENTIFIER = com.bhandary.PhotoViewer;
				PRODUCT_NAME = "$(TARGET_NAME)";
			};
			name = Release;
		};
/* End XCBuildConfiguration section */

/* Begin XCConfigurationList section */
		D3C86B6A1C69A91400D58D0D /* Build configuration list for PBXProject "PhotoViewer" */ = {
			isa = XCConfigurationList;
			buildConfigurations = (
				D3C86B7F1C69A91400D58D0D /* Debug */,
				D3C86B801C69A91400D58D0D /* Release */,
			);
			defaultConfigurationIsVisible = 0;
			defaultConfigurationName = Release;
		};
		D3C86B811C69A91400D58D0D /* Build configuration list for PBXNativeTarget "PhotoViewer" */ = {
			isa = XCConfigurationList;
			buildConfigurations = (
				D3C86B821C69A91400D58D0D /* Debug */,
				D3C86B831C69A91400D58D0D /* Release */,
			);
			defaultConfigurationIsVisible = 0;
		};
/* End XCConfigurationList section */
	};
	rootObject = D3C86B671C69A91400D58D0D /* Project object */;
}
