// !$*UTF8*$!
{
	archiveVersion = 1;
	classes = {
	};
	objectVersion = 46;
	objects = {

/* Begin PBXBuildFile section */
		9314E1301C42F05200A7B4B7 /* AppDelegate.swift in Sources */ = {isa = PBXBuildFile; fileRef = 9314E12F1C42F05200A7B4B7 /* AppDelegate.swift */; };
		9314E1321C42F05200A7B4B7 /* ViewController.swift in Sources */ = {isa = PBXBuildFile; fileRef = 9314E1311C42F05200A7B4B7 /* ViewController.swift */; };
		9314E1351C42F05200A7B4B7 /* Main.storyboard in Resources */ = {isa = PBXBuildFile; fileRef = 9314E1331C42F05200A7B4B7 /* Main.storyboard */; };
		9314E1371C42F05200A7B4B7 /* Assets.xcassets in Resources */ = {isa = PBXBuildFile; fileRef = 9314E1361C42F05200A7B4B7 /* Assets.xcassets */; };
		9314E13A1C42F05200A7B4B7 /* LaunchScreen.storyboard in Resources */ = {isa = PBXBuildFile; fileRef = 9314E1381C42F05200A7B4B7 /* LaunchScreen.storyboard */; };
		9314E1421C44850C00A7B4B7 /* RecipeDetailViewController.swift in Sources */ = {isa = PBXBuildFile; fileRef = 9314E1411C44850C00A7B4B7 /* RecipeDetailViewController.swift */; };
/* End PBXBuildFile section */

/* Begin PBXFileReference section */
		9314E12C1C42F05200A7B4B7 /* Konkani Recipes.app */ = {isa = PBXFileReference; explicitFileType = wrapper.application; includeInIndex = 0; path = "Konkani Recipes.app"; sourceTree = BUILT_PRODUCTS_DIR; };
		9314E12F1C42F05200A7B4B7 /* AppDelegate.swift */ = {isa = PBXFileReference; lastKnownFileType = sourcecode.swift; path = AppDelegate.swift; sourceTree = "<group>"; };
		9314E1311C42F05200A7B4B7 /* ViewController.swift */ = {isa = PBXFileReference; lastKnownFileType = sourcecode.swift; path = ViewController.swift; sourceTree = "<group>"; };
		9314E1341C42F05200A7B4B7 /* Base */ = {isa = PBXFileReference; lastKnownFileType = file.storyboard; name = Base; path = Base.lproj/Main.storyboard; sourceTree = "<group>"; };
		9314E1361C42F05200A7B4B7 /* Assets.xcassets */ = {isa = PBXFileReference; lastKnownFileType = folder.assetcatalog; path = Assets.xcassets; sourceTree = "<group>"; };
		9314E1391C42F05200A7B4B7 /* Base */ = {isa = PBXFileReference; lastKnownFileType = file.storyboard; name = Base; path = Base.lproj/LaunchScreen.storyboard; sourceTree = "<group>"; };
		9314E13B1C42F05200A7B4B7 /* Info.plist */ = {isa = PBXFileReference; lastKnownFileType = text.plist.xml; path = Info.plist; sourceTree = "<group>"; };
		9314E1411C44850C00A7B4B7 /* RecipeDetailViewController.swift */ = {isa = PBXFileReference; fileEncoding = 4; lastKnownFileType = sourcecode.swift; path = RecipeDetailViewController.swift; sourceTree = "<group>"; };
/* End PBXFileReference section */

/* Begin PBXFrameworksBuildPhase section */
		9314E1291C42F05200A7B4B7 /* Frameworks */ = {
			isa = PBXFrameworksBuildPhase;
			buildActionMask = 2147483647;
			files = (
			);
			runOnlyForDeploymentPostprocessing = 0;
		};
/* End PBXFrameworksBuildPhase section */

/* Begin PBXGroup section */
		9314E1231C42F05200A7B4B7 = {
			isa = PBXGroup;
			children = (
				9314E12E1C42F05200A7B4B7 /* Konkani Recipes */,
				9314E12D1C42F05200A7B4B7 /* Products */,
			);
			sourceTree = "<group>";
		};
		9314E12D1C42F05200A7B4B7 /* Products */ = {
			isa = PBXGroup;
			children = (
				9314E12C1C42F05200A7B4B7 /* Konkani Recipes.app */,
			);
			name = Products;
			sourceTree = "<group>";
		};
		9314E12E1C42F05200A7B4B7 /* Konkani Recipes */ = {
			isa = PBXGroup;
			children = (
				9314E12F1C42F05200A7B4B7 /* AppDelegate.swift */,
				9314E1311C42F05200A7B4B7 /* ViewController.swift */,
				9314E1331C42F05200A7B4B7 /* Main.storyboard */,
				9314E1361C42F05200A7B4B7 /* Assets.xcassets */,
				9314E1381C42F05200A7B4B7 /* LaunchScreen.storyboard */,
				9314E13B1C42F05200A7B4B7 /* Info.plist */,
				9314E1411C44850C00A7B4B7 /* RecipeDetailViewController.swift */,
			);
			path = "Konkani Recipes";
			sourceTree = "<group>";
		};
/* End PBXGroup section */

/* Begin PBXNativeTarget section */
		9314E12B1C42F05200A7B4B7 /* Konkani Recipes */ = {
			isa = PBXNativeTarget;
			buildConfigurationList = 9314E13E1C42F05200A7B4B7 /* Build configuration list for PBXNativeTarget "Konkani Recipes" */;
			buildPhases = (
				9314E1281C42F05200A7B4B7 /* Sources */,
				9314E1291C42F05200A7B4B7 /* Frameworks */,
				9314E12A1C42F05200A7B4B7 /* Resources */,
			);
			buildRules = (
			);
			dependencies = (
			);
			name = "Konkani Recipes";
			productName = "Konkani Recipes";
			productReference = 9314E12C1C42F05200A7B4B7 /* Konkani Recipes.app */;
			productType = "com.apple.product-type.application";
		};
/* End PBXNativeTarget section */

/* Begin PBXProject section */
		9314E1241C42F05200A7B4B7 /* Project object */ = {
			isa = PBXProject;
			attributes = {
				LastSwiftUpdateCheck = 0720;
				LastUpgradeCheck = 0720;
				ORGANIZATIONNAME = "Manju Bhandary";
				TargetAttributes = {
					9314E12B1C42F05200A7B4B7 = {
						CreatedOnToolsVersion = 7.2;
					};
				};
			};
			buildConfigurationList = 9314E1271C42F05200A7B4B7 /* Build configuration list for PBXProject "Konkani Recipes" */;
			compatibilityVersion = "Xcode 3.2";
			developmentRegion = English;
			hasScannedForEncodings = 0;
			knownRegions = (
				en,
				Base,
			);
			mainGroup = 9314E1231C42F05200A7B4B7;
			productRefGroup = 9314E12D1C42F05200A7B4B7 /* Products */;
			projectDirPath = "";
			projectRoot = "";
			targets = (
				9314E12B1C42F05200A7B4B7 /* Konkani Recipes */,
			);
		};
/* End PBXProject section */

/* Begin PBXResourcesBuildPhase section */
		9314E12A1C42F05200A7B4B7 /* Resources */ = {
			isa = PBXResourcesBuildPhase;
			buildActionMask = 2147483647;
			files = (
				9314E13A1C42F05200A7B4B7 /* LaunchScreen.storyboard in Resources */,
				9314E1371C42F05200A7B4B7 /* Assets.xcassets in Resources */,
				9314E1351C42F05200A7B4B7 /* Main.storyboard in Resources */,
			);
			runOnlyForDeploymentPostprocessing = 0;
		};
/* End PBXResourcesBuildPhase section */

/* Begin PBXSourcesBuildPhase section */
		9314E1281C42F05200A7B4B7 /* Sources */ = {
			isa = PBXSourcesBuildPhase;
			buildActionMask = 2147483647;
			files = (
				9314E1321C42F05200A7B4B7 /* ViewController.swift in Sources */,
				9314E1421C44850C00A7B4B7 /* RecipeDetailViewController.swift in Sources */,
				9314E1301C42F05200A7B4B7 /* AppDelegate.swift in Sources */,
			);
			runOnlyForDeploymentPostprocessing = 0;
		};
/* End PBXSourcesBuildPhase section */

/* Begin PBXVariantGroup section */
		9314E1331C42F05200A7B4B7 /* Main.storyboard */ = {
			isa = PBXVariantGroup;
			children = (
				9314E1341C42F05200A7B4B7 /* Base */,
			);
			name = Main.storyboard;
			sourceTree = "<group>";
		};
		9314E1381C42F05200A7B4B7 /* LaunchScreen.storyboard */ = {
			isa = PBXVariantGroup;
			children = (
				9314E1391C42F05200A7B4B7 /* Base */,
			);
			name = LaunchScreen.storyboard;
			sourceTree = "<group>";
		};
/* End PBXVariantGroup section */

/* Begin XCBuildConfiguration section */
		9314E13C1C42F05200A7B4B7 /* Debug */ = {
			isa = XCBuildConfiguration;
			buildSettings = {
				ALWAYS_SEARCH_USER_PATHS = NO;
				CLANG_CXX_LANGUAGE_STANDARD = "gnu++0x";
				CLANG_CXX_LIBRARY = "libc++";
				CLANG_ENABLE_MODULES = YES;
				CLANG_ENABLE_OBJC_ARC = YES;
				CLANG_WARN_BOOL_CONVERSION = YES;
				CLANG_WARN_CONSTANT_CONVERSION = YES;
				CLANG_WARN_DIRECT_OBJC_ISA_USAGE = YES_ERROR;
				CLANG_WARN_EMPTY_BODY = YES;
				CLANG_WARN_ENUM_CONVERSION = YES;
				CLANG_WARN_INT_CONVERSION = YES;
				CLANG_WARN_OBJC_ROOT_CLASS = YES_ERROR;
				CLANG_WARN_UNREACHABLE_CODE = YES;
				CLANG_WARN__DUPLICATE_METHOD_MATCH = YES;
				"CODE_SIGN_IDENTITY[sdk=iphoneos*]" = "iPhone Developer";
				COPY_PHASE_STRIP = NO;
				DEBUG_INFORMATION_FORMAT = dwarf;
				ENABLE_STRICT_OBJC_MSGSEND = YES;
				ENABLE_TESTABILITY = YES;
				GCC_C_LANGUAGE_STANDARD = gnu99;
				GCC_DYNAMIC_NO_PIC = NO;
				GCC_NO_COMMON_BLOCKS = YES;
				GCC_OPTIMIZATION_LEVEL = 0;
				GCC_PREPROCESSOR_DEFINITIONS = (
					"DEBUG=1",
					"$(inherited)",
				);
				GCC_WARN_64_TO_32_BIT_CONVERSION = YES;
				GCC_WARN_ABOUT_RETURN_TYPE = YES_ERROR;
				GCC_WARN_UNDECLARED_SELECTOR = YES;
				GCC_WARN_UNINITIALIZED_AUTOS = YES_AGGRESSIVE;
				GCC_WARN_UNUSED_FUNCTION = YES;
				GCC_WARN_UNUSED_VARIABLE = YES;
				IPHONEOS_DEPLOYMENT_TARGET = 9.2;
				MTL_ENABLE_DEBUG_INFO = YES;
				ONLY_ACTIVE_ARCH = YES;
				SDKROOT = iphoneos;
				SWIFT_OPTIMIZATION_LEVEL = "-Onone";
				TARGETED_DEVICE_FAMILY = "1,2";
			};
			name = Debug;
		};
		9314E13D1C42F05200A7B4B7 /* Release */ = {
			isa = XCBuildConfiguration;
			buildSettings = {
				ALWAYS_SEARCH_USER_PATHS = NO;
				CLANG_CXX_LANGUAGE_STANDARD = "gnu++0x";
				CLANG_CXX_LIBRARY = "libc++";
				CLANG_ENABLE_MODULES = YES;
				CLANG_ENABLE_OBJC_ARC = YES;
				CLANG_WARN_BOOL_CONVERSION = YES;
				CLANG_WARN_CONSTANT_CONVERSION = YES;
				CLANG_WARN_DIRECT_OBJC_ISA_USAGE = YES_ERROR;
				CLANG_WARN_EMPTY_BODY = YES;
				CLANG_WARN_ENUM_CONVERSION = YES;
				CLANG_WARN_INT_CONVERSION = YES;
				CLANG_WARN_OBJC_ROOT_CLASS = YES_ERROR;
				CLANG_WARN_UNREACHABLE_CODE = YES;
				CLANG_WARN__DUPLICATE_METHOD_MATCH = YES;
				"CODE_SIGN_IDENTITY[sdk=iphoneos*]" = "iPhone Developer";
				COPY_PHASE_STRIP = NO;
				DEBUG_INFORMATION_FORMAT = "dwarf-with-dsym";
				ENABLE_NS_ASSERTIONS = NO;
				ENABLE_STRICT_OBJC_MSGSEND = YES;
				GCC_C_LANGUAGE_STANDARD = gnu99;
				GCC_NO_COMMON_BLOCKS = YES;
				GCC_WARN_64_TO_32_BIT_CONVERSION = YES;
				GCC_WARN_ABOUT_RETURN_TYPE = YES_ERROR;
				GCC_WARN_UNDECLARED_SELECTOR = YES;
				GCC_WARN_UNINITIALIZED_AUTOS = YES_AGGRESSIVE;
				GCC_WARN_UNUSED_FUNCTION = YES;
				GCC_WARN_UNUSED_VARIABLE = YES;
				IPHONEOS_DEPLOYMENT_TARGET = 9.2;
				MTL_ENABLE_DEBUG_INFO = NO;
				SDKROOT = iphoneos;
				TARGETED_DEVICE_FAMILY = "1,2";
				VALIDATE_PRODUCT = YES;
			};
			name = Release;
		};
		9314E13F1C42F05200A7B4B7 /* Debug */ = {
			isa = XCBuildConfiguration;
			buildSettings = {
				ASSETCATALOG_COMPILER_APPICON_NAME = AppIcon;
				INFOPLIST_FILE = "Konkani Recipes/Info.plist";
				LD_RUNPATH_SEARCH_PATHS = "$(inherited) @executable_path/Frameworks";
				PRODUCT_BUNDLE_IDENTIFIER = "com.konkani-recipes.Konkani-Recipes";
				PRODUCT_NAME = "$(TARGET_NAME)";
			};
			name = Debug;
		};
		9314E1401C42F05200A7B4B7 /* Release */ = {
			isa = XCBuildConfiguration;
			buildSettings = {
				ASSETCATALOG_COMPILER_APPICON_NAME = AppIcon;
				INFOPLIST_FILE = "Konkani Recipes/Info.plist";
				LD_RUNPATH_SEARCH_PATHS = "$(inherited) @executable_path/Frameworks";
				PRODUCT_BUNDLE_IDENTIFIER = "com.konkani-recipes.Konkani-Recipes";
				PRODUCT_NAME = "$(TARGET_NAME)";
			};
			name = Release;
		};
/* End XCBuildConfiguration section */

/* Begin XCConfigurationList section */
		9314E1271C42F05200A7B4B7 /* Build configuration list for PBXProject "Konkani Recipes" */ = {
			isa = XCConfigurationList;
			buildConfigurations = (
				9314E13C1C42F05200A7B4B7 /* Debug */,
				9314E13D1C42F05200A7B4B7 /* Release */,
			);
			defaultConfigurationIsVisible = 0;
			defaultConfigurationName = Release;
		};
		9314E13E1C42F05200A7B4B7 /* Build configuration list for PBXNativeTarget "Konkani Recipes" */ = {
			isa = XCConfigurationList;
			buildConfigurations = (
				9314E13F1C42F05200A7B4B7 /* Debug */,
				9314E1401C42F05200A7B4B7 /* Release */,
			);
			defaultConfigurationIsVisible = 0;
		};
/* End XCConfigurationList section */
	};
	rootObject = 9314E1241C42F05200A7B4B7 /* Project object */;
}
