// !$*UTF8*$!
{
	archiveVersion = 1;
	classes = {
	};
	objectVersion = 46;
	objects = {

/* Begin PBXBuildFile section */
		93661F001C51B24600CD4B40 /* AppDelegate.swift in Sources */ = {isa = PBXBuildFile; fileRef = 93661EFF1C51B24600CD4B40 /* AppDelegate.swift */; };
		93661F021C51B24600CD4B40 /* ViewController.swift in Sources */ = {isa = PBXBuildFile; fileRef = 93661F011C51B24600CD4B40 /* ViewController.swift */; };
		93661F051C51B24600CD4B40 /* Main.storyboard in Resources */ = {isa = PBXBuildFile; fileRef = 93661F031C51B24600CD4B40 /* Main.storyboard */; };
		93661F071C51B24600CD4B40 /* Assets.xcassets in Resources */ = {isa = PBXBuildFile; fileRef = 93661F061C51B24600CD4B40 /* Assets.xcassets */; };
		93661F0A1C51B24600CD4B40 /* LaunchScreen.storyboard in Resources */ = {isa = PBXBuildFile; fileRef = 93661F081C51B24600CD4B40 /* LaunchScreen.storyboard */; };
		93661F131C51B3B500CD4B40 /* RealmSwift.framework in Frameworks */ = {isa = PBXBuildFile; fileRef = 93661F111C51B3B500CD4B40 /* RealmSwift.framework */; };
		93661F141C51B3B500CD4B40 /* RealmSwift.framework in Embed Frameworks */ = {isa = PBXBuildFile; fileRef = 93661F111C51B3B500CD4B40 /* RealmSwift.framework */; settings = {ATTRIBUTES = (CodeSignOnCopy, RemoveHeadersOnCopy, ); }; };
		93661F151C51B3B500CD4B40 /* Realm.framework in Frameworks */ = {isa = PBXBuildFile; fileRef = 93661F121C51B3B500CD4B40 /* Realm.framework */; };
		93661F161C51B3B500CD4B40 /* Realm.framework in Embed Frameworks */ = {isa = PBXBuildFile; fileRef = 93661F121C51B3B500CD4B40 /* Realm.framework */; settings = {ATTRIBUTES = (CodeSignOnCopy, RemoveHeadersOnCopy, ); }; };
		93661F191C51B52400CD4B40 /* Dog.swift in Sources */ = {isa = PBXBuildFile; fileRef = 93661F181C51B52400CD4B40 /* Dog.swift */; };
		93A344071C5695A400004425 /* AddDogViewController.swift in Sources */ = {isa = PBXBuildFile; fileRef = 93A344061C5695A400004425 /* AddDogViewController.swift */; };
/* End PBXBuildFile section */

/* Begin PBXCopyFilesBuildPhase section */
		93661F171C51B3B500CD4B40 /* Embed Frameworks */ = {
			isa = PBXCopyFilesBuildPhase;
			buildActionMask = 2147483647;
			dstPath = "";
			dstSubfolderSpec = 10;
			files = (
				93661F161C51B3B500CD4B40 /* Realm.framework in Embed Frameworks */,
				93661F141C51B3B500CD4B40 /* RealmSwift.framework in Embed Frameworks */,
			);
			name = "Embed Frameworks";
			runOnlyForDeploymentPostprocessing = 0;
		};
/* End PBXCopyFilesBuildPhase section */

/* Begin PBXFileReference section */
		93661EFC1C51B24600CD4B40 /* DogData.app */ = {isa = PBXFileReference; explicitFileType = wrapper.application; includeInIndex = 0; path = DogData.app; sourceTree = BUILT_PRODUCTS_DIR; };
		93661EFF1C51B24600CD4B40 /* AppDelegate.swift */ = {isa = PBXFileReference; lastKnownFileType = sourcecode.swift; path = AppDelegate.swift; sourceTree = "<group>"; };
		93661F011C51B24600CD4B40 /* ViewController.swift */ = {isa = PBXFileReference; lastKnownFileType = sourcecode.swift; path = ViewController.swift; sourceTree = "<group>"; };
		93661F041C51B24600CD4B40 /* Base */ = {isa = PBXFileReference; lastKnownFileType = file.storyboard; name = Base; path = Base.lproj/Main.storyboard; sourceTree = "<group>"; };
		93661F061C51B24600CD4B40 /* Assets.xcassets */ = {isa = PBXFileReference; lastKnownFileType = folder.assetcatalog; path = Assets.xcassets; sourceTree = "<group>"; };
		93661F091C51B24600CD4B40 /* Base */ = {isa = PBXFileReference; lastKnownFileType = file.storyboard; name = Base; path = Base.lproj/LaunchScreen.storyboard; sourceTree = "<group>"; };
		93661F0B1C51B24600CD4B40 /* Info.plist */ = {isa = PBXFileReference; lastKnownFileType = text.plist.xml; path = Info.plist; sourceTree = "<group>"; };
		93661F111C51B3B500CD4B40 /* RealmSwift.framework */ = {isa = PBXFileReference; lastKnownFileType = wrapper.framework; path = RealmSwift.framework; sourceTree = "<group>"; };
		93661F121C51B3B500CD4B40 /* Realm.framework */ = {isa = PBXFileReference; lastKnownFileType = wrapper.framework; path = Realm.framework; sourceTree = "<group>"; };
		93661F181C51B52400CD4B40 /* Dog.swift */ = {isa = PBXFileReference; fileEncoding = 4; lastKnownFileType = sourcecode.swift; path = Dog.swift; sourceTree = "<group>"; };
		93A344061C5695A400004425 /* AddDogViewController.swift */ = {isa = PBXFileReference; fileEncoding = 4; lastKnownFileType = sourcecode.swift; path = AddDogViewController.swift; sourceTree = "<group>"; };
/* End PBXFileReference section */

/* Begin PBXFrameworksBuildPhase section */
		93661EF91C51B24600CD4B40 /* Frameworks */ = {
			isa = PBXFrameworksBuildPhase;
			buildActionMask = 2147483647;
			files = (
				93661F151C51B3B500CD4B40 /* Realm.framework in Frameworks */,
				93661F131C51B3B500CD4B40 /* RealmSwift.framework in Frameworks */,
			);
			runOnlyForDeploymentPostprocessing = 0;
		};
/* End PBXFrameworksBuildPhase section */

/* Begin PBXGroup section */
		93661EF31C51B24600CD4B40 = {
			isa = PBXGroup;
			children = (
				93661F111C51B3B500CD4B40 /* RealmSwift.framework */,
				93661F121C51B3B500CD4B40 /* Realm.framework */,
				93661EFE1C51B24600CD4B40 /* DogData */,
				93661EFD1C51B24600CD4B40 /* Products */,
			);
			sourceTree = "<group>";
		};
		93661EFD1C51B24600CD4B40 /* Products */ = {
			isa = PBXGroup;
			children = (
				93661EFC1C51B24600CD4B40 /* DogData.app */,
			);
			name = Products;
			sourceTree = "<group>";
		};
		93661EFE1C51B24600CD4B40 /* DogData */ = {
			isa = PBXGroup;
			children = (
				93661EFF1C51B24600CD4B40 /* AppDelegate.swift */,
				93661F011C51B24600CD4B40 /* ViewController.swift */,
				93A344061C5695A400004425 /* AddDogViewController.swift */,
				93661F181C51B52400CD4B40 /* Dog.swift */,
				93661F031C51B24600CD4B40 /* Main.storyboard */,
				93661F061C51B24600CD4B40 /* Assets.xcassets */,
				93661F081C51B24600CD4B40 /* LaunchScreen.storyboard */,
				93661F0B1C51B24600CD4B40 /* Info.plist */,
			);
			path = DogData;
			sourceTree = "<group>";
		};
/* End PBXGroup section */

/* Begin PBXNativeTarget section */
		93661EFB1C51B24600CD4B40 /* DogData */ = {
			isa = PBXNativeTarget;
			buildConfigurationList = 93661F0E1C51B24600CD4B40 /* Build configuration list for PBXNativeTarget "DogData" */;
			buildPhases = (
				93661EF81C51B24600CD4B40 /* Sources */,
				93661EF91C51B24600CD4B40 /* Frameworks */,
				93661EFA1C51B24600CD4B40 /* Resources */,
				93661F171C51B3B500CD4B40 /* Embed Frameworks */,
			);
			buildRules = (
			);
			dependencies = (
			);
			name = DogData;
			productName = DogData;
			productReference = 93661EFC1C51B24600CD4B40 /* DogData.app */;
			productType = "com.apple.product-type.application";
		};
/* End PBXNativeTarget section */

/* Begin PBXProject section */
		93661EF41C51B24600CD4B40 /* Project object */ = {
			isa = PBXProject;
			attributes = {
				LastSwiftUpdateCheck = 0720;
				LastUpgradeCheck = 0720;
				ORGANIZATIONNAME = "Manju Bhandary";
				TargetAttributes = {
					93661EFB1C51B24600CD4B40 = {
						CreatedOnToolsVersion = 7.2;
					};
				};
			};
			buildConfigurationList = 93661EF71C51B24600CD4B40 /* Build configuration list for PBXProject "DogData" */;
			compatibilityVersion = "Xcode 3.2";
			developmentRegion = English;
			hasScannedForEncodings = 0;
			knownRegions = (
				en,
				Base,
			);
			mainGroup = 93661EF31C51B24600CD4B40;
			productRefGroup = 93661EFD1C51B24600CD4B40 /* Products */;
			projectDirPath = "";
			projectRoot = "";
			targets = (
				93661EFB1C51B24600CD4B40 /* DogData */,
			);
		};
/* End PBXProject section */

/* Begin PBXResourcesBuildPhase section */
		93661EFA1C51B24600CD4B40 /* Resources */ = {
			isa = PBXResourcesBuildPhase;
			buildActionMask = 2147483647;
			files = (
				93661F0A1C51B24600CD4B40 /* LaunchScreen.storyboard in Resources */,
				93661F071C51B24600CD4B40 /* Assets.xcassets in Resources */,
				93661F051C51B24600CD4B40 /* Main.storyboard in Resources */,
			);
			runOnlyForDeploymentPostprocessing = 0;
		};
/* End PBXResourcesBuildPhase section */

/* Begin PBXSourcesBuildPhase section */
		93661EF81C51B24600CD4B40 /* Sources */ = {
			isa = PBXSourcesBuildPhase;
			buildActionMask = 2147483647;
			files = (
				93661F021C51B24600CD4B40 /* ViewController.swift in Sources */,
				93661F001C51B24600CD4B40 /* AppDelegate.swift in Sources */,
				93661F191C51B52400CD4B40 /* Dog.swift in Sources */,
				93A344071C5695A400004425 /* AddDogViewController.swift in Sources */,
			);
			runOnlyForDeploymentPostprocessing = 0;
		};
/* End PBXSourcesBuildPhase section */

/* Begin PBXVariantGroup section */
		93661F031C51B24600CD4B40 /* Main.storyboard */ = {
			isa = PBXVariantGroup;
			children = (
				93661F041C51B24600CD4B40 /* Base */,
			);
			name = Main.storyboard;
			sourceTree = "<group>";
		};
		93661F081C51B24600CD4B40 /* LaunchScreen.storyboard */ = {
			isa = PBXVariantGroup;
			children = (
				93661F091C51B24600CD4B40 /* Base */,
			);
			name = LaunchScreen.storyboard;
			sourceTree = "<group>";
		};
/* End PBXVariantGroup section */

/* Begin XCBuildConfiguration section */
		93661F0C1C51B24600CD4B40 /* Debug */ = {
			isa = XCBuildConfiguration;
			buildSettings = {
				ALWAYS_SEARCH_USER_PATHS = NO;
				CLANG_CXX_LANGUAGE_STANDARD = "gnu++0x";
				CLANG_CXX_LIBRARY = "libc++";
				CLANG_ENABLE_MODULES = YES;
				CLANG_ENABLE_OBJC_ARC = YES;
				CLANG_WARN_BOOL_CONVERSION = YES;
				CLANG_WARN_CONSTANT_CONVERSION = YES;
				CLANG_WARN_DIRECT_OBJC_ISA_USAGE = YES_ERROR;
				CLANG_WARN_EMPTY_BODY = YES;
				CLANG_WARN_ENUM_CONVERSION = YES;
				CLANG_WARN_INT_CONVERSION = YES;
				CLANG_WARN_OBJC_ROOT_CLASS = YES_ERROR;
				CLANG_WARN_UNREACHABLE_CODE = YES;
				CLANG_WARN__DUPLICATE_METHOD_MATCH = YES;
				"CODE_SIGN_IDENTITY[sdk=iphoneos*]" = "iPhone Developer";
				COPY_PHASE_STRIP = NO;
				DEBUG_INFORMATION_FORMAT = dwarf;
				ENABLE_STRICT_OBJC_MSGSEND = YES;
				ENABLE_TESTABILITY = YES;
				GCC_C_LANGUAGE_STANDARD = gnu99;
				GCC_DYNAMIC_NO_PIC = NO;
				GCC_NO_COMMON_BLOCKS = YES;
				GCC_OPTIMIZATION_LEVEL = 0;
				GCC_PREPROCESSOR_DEFINITIONS = (
					"DEBUG=1",
					"$(inherited)",
				);
				GCC_WARN_64_TO_32_BIT_CONVERSION = YES;
				GCC_WARN_ABOUT_RETURN_TYPE = YES_ERROR;
				GCC_WARN_UNDECLARED_SELECTOR = YES;
				GCC_WARN_UNINITIALIZED_AUTOS = YES_AGGRESSIVE;
				GCC_WARN_UNUSED_FUNCTION = YES;
				GCC_WARN_UNUSED_VARIABLE = YES;
				IPHONEOS_DEPLOYMENT_TARGET = 9.2;
				MTL_ENABLE_DEBUG_INFO = YES;
				ONLY_ACTIVE_ARCH = YES;
				SDKROOT = iphoneos;
				SWIFT_OPTIMIZATION_LEVEL = "-Onone";
			};
			name = Debug;
		};
		93661F0D1C51B24600CD4B40 /* Release */ = {
			isa = XCBuildConfiguration;
			buildSettings = {
				ALWAYS_SEARCH_USER_PATHS = NO;
				CLANG_CXX_LANGUAGE_STANDARD = "gnu++0x";
				CLANG_CXX_LIBRARY = "libc++";
				CLANG_ENABLE_MODULES = YES;
				CLANG_ENABLE_OBJC_ARC = YES;
				CLANG_WARN_BOOL_CONVERSION = YES;
				CLANG_WARN_CONSTANT_CONVERSION = YES;
				CLANG_WARN_DIRECT_OBJC_ISA_USAGE = YES_ERROR;
				CLANG_WARN_EMPTY_BODY = YES;
				CLANG_WARN_ENUM_CONVERSION = YES;
				CLANG_WARN_INT_CONVERSION = YES;
				CLANG_WARN_OBJC_ROOT_CLASS = YES_ERROR;
				CLANG_WARN_UNREACHABLE_CODE = YES;
				CLANG_WARN__DUPLICATE_METHOD_MATCH = YES;
				"CODE_SIGN_IDENTITY[sdk=iphoneos*]" = "iPhone Developer";
				COPY_PHASE_STRIP = NO;
				DEBUG_INFORMATION_FORMAT = "dwarf-with-dsym";
				ENABLE_NS_ASSERTIONS = NO;
				ENABLE_STRICT_OBJC_MSGSEND = YES;
				GCC_C_LANGUAGE_STANDARD = gnu99;
				GCC_NO_COMMON_BLOCKS = YES;
				GCC_WARN_64_TO_32_BIT_CONVERSION = YES;
				GCC_WARN_ABOUT_RETURN_TYPE = YES_ERROR;
				GCC_WARN_UNDECLARED_SELECTOR = YES;
				GCC_WARN_UNINITIALIZED_AUTOS = YES_AGGRESSIVE;
				GCC_WARN_UNUSED_FUNCTION = YES;
				GCC_WARN_UNUSED_VARIABLE = YES;
				IPHONEOS_DEPLOYMENT_TARGET = 9.2;
				MTL_ENABLE_DEBUG_INFO = NO;
				SDKROOT = iphoneos;
				VALIDATE_PRODUCT = YES;
			};
			name = Release;
		};
		93661F0F1C51B24600CD4B40 /* Debug */ = {
			isa = XCBuildConfiguration;
			buildSettings = {
				ASSETCATALOG_COMPILER_APPICON_NAME = AppIcon;
				FRAMEWORK_SEARCH_PATHS = (
					"$(inherited)",
					"$(PROJECT_DIR)",
				);
				INFOPLIST_FILE = DogData/Info.plist;
				LD_RUNPATH_SEARCH_PATHS = "$(inherited) @executable_path/Frameworks";
				PRODUCT_BUNDLE_IDENTIFIER = com.bhandary.DogData;
				PRODUCT_NAME = "$(TARGET_NAME)";
			};
			name = Debug;
		};
		93661F101C51B24600CD4B40 /* Release */ = {
			isa = XCBuildConfiguration;
			buildSettings = {
				ASSETCATALOG_COMPILER_APPICON_NAME = AppIcon;
				FRAMEWORK_SEARCH_PATHS = (
					"$(inherited)",
					"$(PROJECT_DIR)",
				);
				INFOPLIST_FILE = DogData/Info.plist;
				LD_RUNPATH_SEARCH_PATHS = "$(inherited) @executable_path/Frameworks";
				PRODUCT_BUNDLE_IDENTIFIER = com.bhandary.DogData;
				PRODUCT_NAME = "$(TARGET_NAME)";
			};
			name = Release;
		};
/* End XCBuildConfiguration section */

/* Begin XCConfigurationList section */
		93661EF71C51B24600CD4B40 /* Build configuration list for PBXProject "DogData" */ = {
			isa = XCConfigurationList;
			buildConfigurations = (
				93661F0C1C51B24600CD4B40 /* Debug */,
				93661F0D1C51B24600CD4B40 /* Release */,
			);
			defaultConfigurationIsVisible = 0;
			defaultConfigurationName = Release;
		};
		93661F0E1C51B24600CD4B40 /* Build configuration list for PBXNativeTarget "DogData" */ = {
			isa = XCConfigurationList;
			buildConfigurations = (
				93661F0F1C51B24600CD4B40 /* Debug */,
				93661F101C51B24600CD4B40 /* Release */,
			);
			defaultConfigurationIsVisible = 0;
			defaultConfigurationName = Release;
		};
/* End XCConfigurationList section */
	};
	rootObject = 93661EF41C51B24600CD4B40 /* Project object */;
}
